{
    "name": "com.boostedcode.gk2019",
    "version": "1.0.0",
    "lockfileVersion": 1,
    "requires": true,
    "dependencies": {
        "balanced-match": {
            "version": "1.0.0",
            "resolved": "https://registry.npmjs.org/balanced-match/-/balanced-match-1.0.0.tgz",
            "integrity": "sha1-ibTRmasr7kneFk6gK4nORi1xt2c="
        },
        "brace-expansion": {
            "version": "1.1.11",
            "resolved": "https://registry.npmjs.org/brace-expansion/-/brace-expansion-1.1.11.tgz",
            "integrity": "sha512-iCuPHDFgrHX7H2vEI/5xpz07zSHB00TpugqhmYtVmMO6518mCuRMoOYFldEBl0g187ufozdaHgWKcYFb61qGiA==",
            "requires": {
                "balanced-match": "^1.0.0",
                "concat-map": "0.0.1"
            }
        },
        "concat-map": {
            "version": "0.0.1",
            "resolved": "https://registry.npmjs.org/concat-map/-/concat-map-0.0.1.tgz",
            "integrity": "sha1-2Klr13/Wjfd5OnMDajug1UBdR3s="
        },
        "cordova-plugin-androidx": {
            "version": "1.0.2",
            "resolved": "https://registry.npmjs.org/cordova-plugin-androidx/-/cordova-plugin-androidx-1.0.2.tgz",
            "integrity": "sha512-gA0Ugz3xXRndZ5+QV+T2BjigNt5YraC+uDA/gOEM6p4m4ofwqFAPoHA4Q17VIHnRtn9++OYoa1Gi44+l6blGhA==",
            "requires": {
                "q": "^1.4.1"
            }
        },
        "cordova-plugin-androidx-adapter": {
            "version": "1.1.0",
            "resolved": "https://registry.npmjs.org/cordova-plugin-androidx-adapter/-/cordova-plugin-androidx-adapter-1.1.0.tgz",
            "integrity": "sha512-V09W27ViYnh54fR2eilswXt10DrQ1P23fo+3JdbrHqU5HkNfufWojK9dWPzDYQ6xKQkOkUJcEh6tLWxg5hQdgg==",
            "requires": {
                "performance-now": "^2.1.0",
                "q": "^1.4.1",
                "recursive-readdir": "^2.2.2"
            }
        },
        "cordova-plugin-camera": {
            "version": "4.1.0",
            "resolved": "https://registry.npmjs.org/cordova-plugin-camera/-/cordova-plugin-camera-4.1.0.tgz",
            "integrity": "sha512-fCLhWjWYn49q3X5xaypAPgTz6MAWSKFFQvD2Gpi5SuVlrRPRphtX2jIqR2zCBuDTBR082QVnlc+yUDXt65Mjgw=="
        },
        "cordova-plugin-device": {
            "version": "2.0.3",
            "resolved": "https://registry.npmjs.org/cordova-plugin-device/-/cordova-plugin-device-2.0.3.tgz",
            "integrity": "sha512-Jb3V72btxf3XHpkPQsGdyc8N6tVBYn1vsxSFj43fIz9vonJDUThYPCJJHqk6PX6N4dJw6I4FjxkpfCR4LDYMlw=="
        },
        "cordova-plugin-file": {
            "version": "6.0.2",
            "resolved": "https://registry.npmjs.org/cordova-plugin-file/-/cordova-plugin-file-6.0.2.tgz",
            "integrity": "sha512-m7cughw327CjONN/qjzsTpSesLaeybksQh420/gRuSXJX5Zt9NfgsSbqqKDon6jnQ9Mm7h7imgyO2uJ34XMBtA=="
        },
        "cordova-plugin-firebase-dynamiclinks": {
            "version": "3.0.0",
            "resolved": "https://registry.npmjs.org/cordova-plugin-firebase-dynamiclinks/-/cordova-plugin-firebase-dynamiclinks-3.0.0.tgz",
            "integrity": "sha512-fCa8C8cFlusNBnUyWBsTPgCHG0Kl0IGMr4HnYZx9oIiV1U+hgwtnSJFwiZppGxkrpa8xhKcCtT+ft8zk8IVS4A=="
        },
        "cordova-plugin-firebase-messaging": {
            "version": "3.0.0",
            "resolved": "https://registry.npmjs.org/cordova-plugin-firebase-messaging/-/cordova-plugin-firebase-messaging-3.0.0.tgz",
            "integrity": "sha512-PZ5jLC4u3BM++kwFV1i8wHx8OwWAhKFiSRFiLFbWfXFuHR2CFMx+aXv1sO+nZ5H8AjjQIXHTKp1rZ03cE2/R3Q=="
        },
        "cordova-plugin-whitelist": {
            "version": "1.3.4",
            "resolved": "https://registry.npmjs.org/cordova-plugin-whitelist/-/cordova-plugin-whitelist-1.3.4.tgz",
            "integrity": "sha512-EYC5eQFVkoYXq39l7tYKE6lEjHJ04mvTmKXxGL7quHLdFPfJMNzru/UYpn92AOfpl3PQaZmou78C7EgmFOwFQQ==",
            "dev": true
        },
        "cordova-plugin-x-socialsharing": {
            "version": "5.4.7",
            "resolved": "https://registry.npmjs.org/cordova-plugin-x-socialsharing/-/cordova-plugin-x-socialsharing-5.4.7.tgz",
            "integrity": "sha512-owN2DN02AHdt6WAzn1E35AxVDrmIo8ebZwtPQjzCvxCelkdiie/FMsgkUUT4Z1fUXunh0Oxovx9ce0w3zRXdlw=="
        },
        "cordova-support-android-plugin": {
            "version": "1.0.1",
            "resolved": "https://registry.npmjs.org/cordova-support-android-plugin/-/cordova-support-android-plugin-1.0.1.tgz",
            "integrity": "sha512-m/ciZFl2kPsdA1jFp0By2txF0aOqnVvhNqQhM04fFNjD2tlcFNsaIqOpkCfDzCYVy9mVH0BupwePmRMTgEIoMw=="
        },
        "cordova-support-google-services": {
            "version": "1.3.1",
            "resolved": "https://registry.npmjs.org/cordova-support-google-services/-/cordova-support-google-services-1.3.1.tgz",
            "integrity": "sha512-YbFWYBSkbErZh/moothPZG/p1p79ytXTc0iR4YHypBXg9TSDp7M7wm5eKk0f6wV4Ugv6a7UgBvAEtq2nllI8UA=="
        },
        "es6-promise-plugin": {
            "version": "4.2.2",
            "resolved": "https://registry.npmjs.org/es6-promise-plugin/-/es6-promise-plugin-4.2.2.tgz",
            "integrity": "sha512-uoA4aVplXI9oqUYJFBAVRwAqIN9/n9JgrTAUGX3qPbnSZVE5yY1+6/MsoN5f4xsaPO62WjPHOdtts6okMN6tNA=="
        },
        "minimatch": {
            "version": "3.0.4",
            "resolved": "https://registry.npmjs.org/minimatch/-/minimatch-3.0.4.tgz",
            "integrity": "sha512-yJHVQEhyqPLUTgt9B83PXu6W3rx4MvvHvSUvToogpwoGDOUQ+yDrR0HRot+yOCdCO7u4hX3pWft6kWBBcqh0UA==",
            "requires": {
                "brace-expansion": "^1.1.7"
            }
        },
        "performance-now": {
            "version": "2.1.0",
            "resolved": "https://registry.npmjs.org/performance-now/-/performance-now-2.1.0.tgz",
            "integrity": "sha1-Ywn04OX6kT7BxpMHrjZLSzd8nns="
        },
        "q": {
            "version": "1.5.1",
            "resolved": "https://registry.npmjs.org/q/-/q-1.5.1.tgz",
            "integrity": "sha1-fjL3W0E4EpHQRhHxvxQQmsAGUdc="
        },
        "recursive-readdir": {
            "version": "2.2.2",
            "resolved": "https://registry.npmjs.org/recursive-readdir/-/recursive-readdir-2.2.2.tgz",
            "integrity": "sha512-nRCcW9Sj7NuZwa2XvH9co8NPeXUBhZP7CRKJtU+cS6PW9FpCIFoI5ib0NT1ZrbNuPoRy0ylyCaUL8Gih4LSyFg==",
            "requires": {
                "minimatch": "3.0.4"
            }
        }
    }
}
